
Microsoft Visual Studio Solution File, Format Version 12.00
# Visual Studio 15
VisualStudioVersion = 15.0.28307.645
MinimumVisualStudioVersion = 10.0.40219.1
Project("{FAE04EC0-301F-11D3-BF4B-00C04F79EFBC}") = "MarsRover", "Rover\MarsRover.csproj", "{72FCC857-002B-445F-9A3D-DE01102FFBAC}"
EndProject
Project("{FAE04EC0-301F-11D3-BF4B-00C04F79EFBC}") = "RoverTests", "RoverTests\RoverTests.csproj", "{4CB1D9EA-FA16-4F99-BE30-B1E987863840}"
EndProject
Global
	GlobalSection(SolutionConfigurationPlatforms) = preSolution
		Debug|Any CPU = Debug|Any CPU
		Release|Any CPU = Release|Any CPU
	EndGlobalSection
	GlobalSection(ProjectConfigurationPlatforms) = postSolution
		{72FCC857-002B-445F-9A3D-DE01102FFBAC}.Debug|Any CPU.ActiveCfg = Debug|Any CPU
		{72FCC857-002B-445F-9A3D-DE01102FFBAC}.Debug|Any CPU.Build.0 = Debug|Any CPU
		{72FCC857-002B-445F-9A3D-DE01102FFBAC}.Release|Any CPU.ActiveCfg = Release|Any CPU
		{72FCC857-002B-445F-9A3D-DE01102FFBAC}.Release|Any CPU.Build.0 = Release|Any CPU
		{4CB1D9EA-FA16-4F99-BE30-B1E987863840}.Debug|Any CPU.ActiveCfg = Debug|Any CPU
		{4CB1D9EA-FA16-4F99-BE30-B1E987863840}.Debug|Any CPU.Build.0 = Debug|Any CPU
		{4CB1D9EA-FA16-4F99-BE30-B1E987863840}.Release|Any CPU.ActiveCfg = Release|Any CPU
		{4CB1D9EA-FA16-4F99-BE30-B1E987863840}.Release|Any CPU.Build.0 = Release|Any CPU
	EndGlobalSection
	GlobalSection(SolutionProperties) = preSolution
		HideSolutionNode = FALSE
	EndGlobalSection
	GlobalSection(ExtensibilityGlobals) = postSolution
		SolutionGuid = {6BA7B712-0973-4558-8FEF-686EAA502769}
	EndGlobalSection
EndGlobal
